schema: '2.0'
stages:
  preprocess:
    cmd: python -m reco.pipelines.preprocess
    deps:
    - path: data/raw/events.csv
      hash: md5
      md5: fddaf7c1c6a9df23a726500a08ffdd7e
      size: 94237913
    - path: src/reco/data/preprocessing.py
      hash: md5
      md5: 01e7c5fc6bb0ec29336e7e94eeaac29c
      size: 2126
    - path: src/reco/data/schema.py
      hash: md5
      md5: ac7a96ac9363eb0ff5873801e912c201
      size: 2021
    - path: src/reco/pipelines/preprocess.py
      hash: md5
      md5: cada5059431382285a6d8cf8a843f806
      size: 3205
    - path: src/reco/settings.py
      hash: md5
      md5: 9b638d965b687c74aba4489bdc737930
      size: 3453
    outs:
    - path: data/processed/events_processed.csv
      hash: md5
      md5: f64aa69519b809512e0563cce8ef359b
      size: 135624353
    - path: data/processed/test_events.csv
      hash: md5
      md5: 82a67bd8c822c4379c3ea35ad4c7182d
      size: 27128385
    - path: data/processed/train_events.csv
      hash: md5
      md5: c6634f92bfce705416631ea78f04d35a
      size: 108496026
  feature_eng:
    cmd: python -m reco.pipelines.feature_eng
    deps:
    - path: data/processed/test_events.csv
      hash: md5
      md5: 82a67bd8c822c4379c3ea35ad4c7182d
      size: 27128385
    - path: data/processed/train_events.csv
      hash: md5
      md5: c6634f92bfce705416631ea78f04d35a
      size: 108496026
    - path: src/reco/pipelines/feature_eng.py
      hash: md5
      md5: 818eacc5ced6f6298c9b15901e5ac12b
      size: 3714
    - path: src/reco/settings.py
      hash: md5
      md5: 9b638d965b687c74aba4489bdc737930
      size: 3453
    outs:
    - path: data/processed/item_mapping.json
      hash: md5
      md5: 02f752a3bfbb9a17b6fcb825c558e6cf
      size: 4309292
    - path: data/processed/test_features.csv
      hash: md5
      md5: 8a0700b9f812c7cc63c653cc0c0ed67c
      size: 4483839
    - path: data/processed/train_features.csv
      hash: md5
      md5: 8526a4b7fc24ea37cb423f05d2a75746
      size: 138258090
    - path: data/processed/visitor_mapping.json
      hash: md5
      md5: fb558ce711261c6fc11a7d2244c225ab
      size: 23848430
  train:
    cmd: python -m reco.training.train
    deps:
    - path: data/processed/test_features.csv
      hash: md5
      md5: 8a0700b9f812c7cc63c653cc0c0ed67c
      size: 4483839
    - path: data/processed/train_features.csv
      hash: md5
      md5: 8526a4b7fc24ea37cb423f05d2a75746
      size: 138258090
    - path: src/reco/models/base.py
      hash: md5
      md5: 5c5e842113c43df85c16ef996634e5a7
      size: 894
    - path: src/reco/models/baseline.py
      hash: md5
      md5: ebff8f60889234ea4cd1aaa04f366c7d
      size: 4374
    - path: src/reco/models/factory.py
      hash: md5
      md5: c7e1afa570e5627ac25da9f54b638181
      size: 1239
    - path: src/reco/models/two_tower.py
      hash: md5
      md5: 4c83bfe51ea87fdebab6d522fa91464f
      size: 12197
    - path: src/reco/settings.py
      hash: md5
      md5: 9b638d965b687c74aba4489bdc737930
      size: 3453
    - path: src/reco/training/evaluate.py
      hash: md5
      md5: 4cc46e82c81cea883ead8591aa7cb1dc
      size: 6796
    - path: src/reco/training/mlflow_utils.py
      hash: md5
      md5: 088845d1a986752814af6ae653db3345
      size: 955
    - path: src/reco/training/train.py
      hash: md5
      md5: f198af9c21ec2fc400cc5290b77438dc
      size: 4782
    outs:
    - path: models/matrix_factorization/model.joblib
      hash: md5
      md5: caef0f6cee19736b7c04839aa65bef9e
      size: 716206382
    - path: models/popularity/model.joblib
      hash: md5
      md5: a00017262c3760abbb6b6392bee1ad5f
      size: 1005034
    - path: models/two_tower/item_index.faiss
      hash: md5
      md5: 4069fc7fb137f2babe9b5e77a12d558d
      size: 20606765
    - path: models/two_tower/model.joblib
      hash: md5
      md5: 96a41ba5d13919414f5782879c871df3
      size: 34866005
  evaluate:
    cmd: python -m reco.pipelines.evaluate
    deps:
    - path: data/processed/test_features.csv
      hash: md5
      md5: 8a0700b9f812c7cc63c653cc0c0ed67c
      size: 4483839
    - path: data/processed/train_features.csv
      hash: md5
      md5: 8526a4b7fc24ea37cb423f05d2a75746
      size: 138258090
    - path: models/matrix_factorization/model.joblib
      hash: md5
      md5: caef0f6cee19736b7c04839aa65bef9e
      size: 716206382
    - path: models/popularity/model.joblib
      hash: md5
      md5: a00017262c3760abbb6b6392bee1ad5f
      size: 1005034
    - path: models/two_tower/model.joblib
      hash: md5
      md5: 96a41ba5d13919414f5782879c871df3
      size: 34866005
    - path: src/reco/models/factory.py
      hash: md5
      md5: c7e1afa570e5627ac25da9f54b638181
      size: 1239
    - path: src/reco/pipelines/evaluate.py
      hash: md5
      md5: 8c6ec01bafd9208b33eb1a60a20f56a4
      size: 4239
    - path: src/reco/settings.py
      hash: md5
      md5: 9b638d965b687c74aba4489bdc737930
      size: 3453
    - path: src/reco/training/evaluate.py
      hash: md5
      md5: 4cc46e82c81cea883ead8591aa7cb1dc
      size: 6796
    - path: src/reco/training/evaluate.py
      hash: md5
      md5: 4cc46e82c81cea883ead8591aa7cb1dc
      size: 6796
    outs:
    - path: reports/metrics.json
      hash: md5
      md5: fcbcc976930e33a06fc67dc9beb248f9
      size: 1130
